{"1.2.0",
[{<<"ranch">>,{pkg,<<"ranch">>,<<"2.1.0">>},0},
 {<<"thoas">>,{pkg,<<"thoas">>,<<"0.4.0">>},0}]}.
[
{pkg_hash,[
 {<<"ranch">>, <<"2261F9ED9574DCFCC444106B9F6DA155E6E540B2F82BA3D42B339B93673B72A3">>},
 {<<"thoas">>, <<"86A72CCDC5EC388A13F9F843BCD6C1076640233B95440E47FFB8E3C0DBDB5A17">>}]},
{pkg_hash_ext,[
 {<<"ranch">>, <<"244EE3FA2A6175270D8E1FC59024FD9DBC76294A321057DE8F803B1479E76916">>},
 {<<"thoas">>, <<"442296847ACA11DB8D25180693D7CA3073D6D7179F66952F07B16415306513B6">>}]}
].
